#MicroXplorer Configuration settings - do not modify
CAD.formats=
CAD.pinconfig=
CAD.provider=
File.Version=6
GPIO.groupedBy=Group By Peripherals
KeepUserPlacement=false
Mcu.CPN=STM32C011F4U6TR
Mcu.Family=STM32C0
Mcu.IP0=CORTEX_M0+
Mcu.IP1=DEBUG
Mcu.IP2=NVIC
Mcu.IP3=RCC
Mcu.IP4=SYS
Mcu.IP5=TIM3
Mcu.IPNb=6
Mcu.Name=STM32C011F(4-6)Ux
Mcu.Package=UFQFPN20
Mcu.Pin0=PA0
Mcu.Pin1=PA1
Mcu.Pin10=PA12 [PA10]
Mcu.Pin11=PA13
Mcu.Pin12=PA14-BOOT0
Mcu.Pin13=PB6
Mcu.Pin14=PB7
Mcu.Pin15=VP_SYS_VS_Systick
Mcu.Pin16=VP_TIM3_VS_ClockSourceINT
Mcu.Pin2=PA2
Mcu.Pin3=PA3
Mcu.Pin4=PA4
Mcu.Pin5=PA5
Mcu.Pin6=PA6
Mcu.Pin7=PA7
Mcu.Pin8=PA8
Mcu.Pin9=PA11 [PA9]
Mcu.PinsNb=17
Mcu.ThirdPartyNb=0
Mcu.UserConstants=
Mcu.UserName=STM32C011F4Ux
MxCube.Version=6.9.2
MxDb.Version=DB.6.0.92
NVIC.ForceEnableDMAVector=true
NVIC.HardFault_IRQn=true\:0\:0\:false\:false\:true\:false\:false\:false
NVIC.NonMaskableInt_IRQn=true\:0\:0\:false\:false\:true\:false\:false\:false
NVIC.PendSV_IRQn=true\:0\:0\:false\:false\:true\:false\:false\:false
NVIC.SVC_IRQn=true\:0\:0\:false\:false\:true\:false\:false\:true
NVIC.SysTick_IRQn=true\:3\:0\:false\:false\:true\:false\:true\:false
NVIC.TIM3_IRQn=true\:0\:0\:false\:false\:true\:true\:true\:true
PA0.GPIOParameters=PinState,GPIO_PuPd,GPIO_Label,GPIO_ModeDefaultOutputPP
PA0.GPIO_Label=LED_Error
PA0.GPIO_ModeDefaultOutputPP=GPIO_MODE_OUTPUT_OD
PA0.GPIO_PuPd=GPIO_NOPULL
PA0.Locked=true
PA0.PinState=GPIO_PIN_SET
PA0.Signal=GPIO_Output
PA1.GPIOParameters=PinState,GPIO_PuPd,GPIO_Label,GPIO_ModeDefaultOutputPP
PA1.GPIO_Label=LED_Output
PA1.GPIO_ModeDefaultOutputPP=GPIO_MODE_OUTPUT_OD
PA1.GPIO_PuPd=GPIO_NOPULL
PA1.Locked=true
PA1.PinState=GPIO_PIN_SET
PA1.Signal=GPIO_Output
PA11\ [PA9].GPIOParameters=GPIO_PuPd,GPIO_Label,GPIO_ModeDefaultOutputPP
PA11\ [PA9].GPIO_Label=Select_VRailT
PA11\ [PA9].GPIO_ModeDefaultOutputPP=GPIO_MODE_OUTPUT_OD
PA11\ [PA9].GPIO_PuPd=GPIO_NOPULL
PA11\ [PA9].Locked=true
PA11\ [PA9].Signal=GPIO_Output
PA12\ [PA10].GPIOParameters=GPIO_Label
PA12\ [PA10].GPIO_Label=Output_Enable
PA12\ [PA10].Locked=true
PA12\ [PA10].Signal=GPIO_Output
PA13.Mode=Serial_Wire
PA13.Signal=DEBUG_SWDIO
PA14-BOOT0.Mode=Serial_Wire
PA14-BOOT0.Signal=DEBUG_SWCLK
PA2.GPIOParameters=PinState,GPIO_PuPd,GPIO_Label,GPIO_ModeDefaultOutputPP
PA2.GPIO_Label=LED_5VT
PA2.GPIO_ModeDefaultOutputPP=GPIO_MODE_OUTPUT_OD
PA2.GPIO_PuPd=GPIO_NOPULL
PA2.Locked=true
PA2.PinState=GPIO_PIN_SET
PA2.Signal=GPIO_Output
PA3.GPIOParameters=PinState,GPIO_PuPd,GPIO_Label,GPIO_ModeDefaultOutputPP
PA3.GPIO_Label=LED_5VB
PA3.GPIO_ModeDefaultOutputPP=GPIO_MODE_OUTPUT_OD
PA3.GPIO_PuPd=GPIO_NOPULL
PA3.Locked=true
PA3.PinState=GPIO_PIN_SET
PA3.Signal=GPIO_Output
PA4.GPIOParameters=PinState,GPIO_PuPd,GPIO_Label,GPIO_ModeDefaultOutputPP
PA4.GPIO_Label=LED_3V3T
PA4.GPIO_ModeDefaultOutputPP=GPIO_MODE_OUTPUT_OD
PA4.GPIO_PuPd=GPIO_NOPULL
PA4.Locked=true
PA4.PinState=GPIO_PIN_SET
PA4.Signal=GPIO_Output
PA5.GPIOParameters=PinState,GPIO_PuPd,GPIO_Label,GPIO_ModeDefaultOutputPP
PA5.GPIO_Label=LED_3V3B
PA5.GPIO_ModeDefaultOutputPP=GPIO_MODE_OUTPUT_OD
PA5.GPIO_PuPd=GPIO_NOPULL
PA5.Locked=true
PA5.PinState=GPIO_PIN_SET
PA5.Signal=GPIO_Output
PA6.GPIOParameters=GPIO_PuPd,GPIO_Label
PA6.GPIO_Label=Btn_Config
PA6.GPIO_PuPd=GPIO_PULLUP
PA6.Locked=true
PA6.Signal=GPIO_Input
PA7.GPIOParameters=GPIO_PuPd,GPIO_Label
PA7.GPIO_Label=Btn_OutputEn
PA7.GPIO_PuPd=GPIO_PULLUP
PA7.Locked=true
PA7.Signal=GPIO_Input
PA8.GPIOParameters=GPIO_PuPd,GPIO_Label,GPIO_ModeDefaultOutputPP
PA8.GPIO_Label=Select_VRailB
PA8.GPIO_ModeDefaultOutputPP=GPIO_MODE_OUTPUT_OD
PA8.GPIO_PuPd=GPIO_NOPULL
PA8.Locked=true
PA8.Signal=GPIO_Output
PB6.GPIOParameters=GPIO_PuPd,GPIO_Label
PB6.GPIO_Label=PGood_RailB
PB6.GPIO_PuPd=GPIO_PULLUP
PB6.Locked=true
PB6.Signal=GPIO_Input
PB7.GPIOParameters=GPIO_PuPd,GPIO_Label
PB7.GPIO_Label=PGood_RailT
PB7.GPIO_PuPd=GPIO_PULLUP
PB7.Locked=true
PB7.Signal=GPIO_Input
PinOutPanel.RotationAngle=0
ProjectManager.AskForMigrate=true
ProjectManager.BackupPrevious=false
ProjectManager.CompilerOptimize=6
ProjectManager.ComputerToolchain=false
ProjectManager.CoupleFile=false
ProjectManager.CustomerFirmwarePackage=
ProjectManager.DefaultFWLocation=true
ProjectManager.DeletePrevious=true
ProjectManager.DeviceId=STM32C011F4Ux
ProjectManager.FirmwarePackage=STM32Cube FW_C0 V1.1.0
ProjectManager.FreePins=false
ProjectManager.HalAssertFull=false
ProjectManager.HeapSize=0x200
ProjectManager.KeepUserCode=true
ProjectManager.LastFirmware=true
ProjectManager.LibraryCopy=1
ProjectManager.MainLocation=Core/Src
ProjectManager.NoMain=false
ProjectManager.PreviousToolchain=
ProjectManager.ProjectBuild=false
ProjectManager.ProjectFileName=1016 Breaadboard Power Supply.ioc
ProjectManager.ProjectName=1016 Breaadboard Power Supply
ProjectManager.ProjectStructure=
ProjectManager.RegisterCallBack=
ProjectManager.StackSize=0x400
ProjectManager.TargetToolchain=STM32CubeIDE
ProjectManager.ToolChainLocation=
ProjectManager.UAScriptAfterPath=
ProjectManager.UAScriptBeforePath=
ProjectManager.UnderRoot=true
ProjectManager.functionlistsort=1-SystemClock_Config-RCC-false-HAL-false,2-MX_GPIO_Init-GPIO-false-HAL-true,0-MX_CORTEX_M0+_Init-CORTEX_M0+-false-HAL-true
RCC.ADCFreq_Value=12000000
RCC.AHBCLKDivider=RCC_HCLK_DIV8
RCC.AHBFreq_Value=1500000
RCC.APBFreq_Value=1500000
RCC.APBTimFreq_Value=1500000
RCC.CortexFreq_Value=1500000
RCC.EXTERNAL_CLOCK_VALUE=12288000
RCC.FCLKCortexFreq_Value=1500000
RCC.FamilyName=M
RCC.HCLKFreq_Value=1500000
RCC.HSE_VALUE=8000000
RCC.HSI_VALUE=48000000
RCC.I2C1Freq_Value=1500000
RCC.I2S1Freq_Value=12000000
RCC.IPParameters=ADCFreq_Value,AHBCLKDivider,AHBFreq_Value,APBFreq_Value,APBTimFreq_Value,CortexFreq_Value,EXTERNAL_CLOCK_VALUE,FCLKCortexFreq_Value,FamilyName,HCLKFreq_Value,HSE_VALUE,HSI_VALUE,I2C1Freq_Value,I2S1Freq_Value,LSCOPinFreq_Value,LSE_VALUE,LSI_VALUE,MCO1PinFreq_Value,MCO2PinFreq_Value,PWRFreq_Value,SYSCLKFreq_VALUE,USART1Freq_Value
RCC.LSCOPinFreq_Value=32000
RCC.LSE_VALUE=32768
RCC.LSI_VALUE=32000
RCC.MCO1PinFreq_Value=12000000
RCC.MCO2PinFreq_Value=12000000
RCC.PWRFreq_Value=12000000
RCC.SYSCLKFreq_VALUE=12000000
RCC.USART1Freq_Value=1500000
TIM3.AutoReloadPreload=TIM_AUTORELOAD_PRELOAD_ENABLE
TIM3.IPParameters=Period,AutoReloadPreload
TIM3.Period=15000-1
VP_SYS_VS_Systick.Mode=SysTick
VP_SYS_VS_Systick.Signal=SYS_VS_Systick
VP_TIM3_VS_ClockSourceINT.Mode=Internal
VP_TIM3_VS_ClockSourceINT.Signal=TIM3_VS_ClockSourceINT
board=custom
isbadioc=false
